// !$*UTF8*$!
{
	archiveVersion = 1;
	classes = {
	};
	objectVersion = 50;
	objects = {

/* Begin PBXBuildFile section */
		37511BCA269A0B950076E7EB /* AppDelegate.swift in Sources */ = {isa = PBXBuildFile; fileRef = 37511BC9269A0B950076E7EB /* AppDelegate.swift */; };
		37511BCC269A0B950076E7EB /* SceneDelegate.swift in Sources */ = {isa = PBXBuildFile; fileRef = 37511BCB269A0B950076E7EB /* SceneDelegate.swift */; };
		37511BCE269A0B950076E7EB /* ViewController.swift in Sources */ = {isa = PBXBuildFile; fileRef = 37511BCD269A0B950076E7EB /* ViewController.swift */; };
		37511BD1269A0B950076E7EB /* Main.storyboard in Resources */ = {isa = PBXBuildFile; fileRef = 37511BCF269A0B950076E7EB /* Main.storyboard */; };
		37511BD3269A0B970076E7EB /* Assets.xcassets in Resources */ = {isa = PBXBuildFile; fileRef = 37511BD2269A0B970076E7EB /* Assets.xcassets */; };
		37511BD6269A0B970076E7EB /* LaunchScreen.storyboard in Resources */ = {isa = PBXBuildFile; fileRef = 37511BD4269A0B970076E7EB /* LaunchScreen.storyboard */; };
		37511BE1269A0B970076E7EB /* I_am_RichTests.swift in Sources */ = {isa = PBXBuildFile; fileRef = 37511BE0269A0B970076E7EB /* I_am_RichTests.swift */; };
		37511BEC269A0B970076E7EB /* I_am_RichUITests.swift in Sources */ = {isa = PBXBuildFile; fileRef = 37511BEB269A0B970076E7EB /* I_am_RichUITests.swift */; };
/* End PBXBuildFile section */

/* Begin PBXContainerItemProxy section */
		37511BDD269A0B970076E7EB /* PBXContainerItemProxy */ = {
			isa = PBXContainerItemProxy;
			containerPortal = 37511BBE269A0B950076E7EB /* Project object */;
			proxyType = 1;
			remoteGlobalIDString = 37511BC5269A0B950076E7EB;
			remoteInfo = "I am Rich";
		};
		37511BE8269A0B970076E7EB /* PBXContainerItemProxy */ = {
			isa = PBXContainerItemProxy;
			containerPortal = 37511BBE269A0B950076E7EB /* Project object */;
			proxyType = 1;
			remoteGlobalIDString = 37511BC5269A0B950076E7EB;
			remoteInfo = "I am Rich";
		};
/* End PBXContainerItemProxy section */

/* Begin PBXFileReference section */
		37511BC6269A0B950076E7EB /* I am Rich.app */ = {isa = PBXFileReference; explicitFileType = wrapper.application; includeInIndex = 0; path = "I am Rich.app"; sourceTree = BUILT_PRODUCTS_DIR; };
		37511BC9269A0B950076E7EB /* AppDelegate.swift */ = {isa = PBXFileReference; lastKnownFileType = sourcecode.swift; path = AppDelegate.swift; sourceTree = "<group>"; };
		37511BCB269A0B950076E7EB /* SceneDelegate.swift */ = {isa = PBXFileReference; lastKnownFileType = sourcecode.swift; path = SceneDelegate.swift; sourceTree = "<group>"; };
		37511BCD269A0B950076E7EB /* ViewController.swift */ = {isa = PBXFileReference; lastKnownFileType = sourcecode.swift; path = ViewController.swift; sourceTree = "<group>"; };
		37511BD0269A0B950076E7EB /* Base */ = {isa = PBXFileReference; lastKnownFileType = file.storyboard; name = Base; path = Base.lproj/Main.storyboard; sourceTree = "<group>"; };
		37511BD2269A0B970076E7EB /* Assets.xcassets */ = {isa = PBXFileReference; lastKnownFileType = folder.assetcatalog; path = Assets.xcassets; sourceTree = "<group>"; };
		37511BD5269A0B970076E7EB /* Base */ = {isa = PBXFileReference; lastKnownFileType = file.storyboard; name = Base; path = Base.lproj/LaunchScreen.storyboard; sourceTree = "<group>"; };
		37511BD7269A0B970076E7EB /* Info.plist */ = {isa = PBXFileReference; lastKnownFileType = text.plist.xml; path = Info.plist; sourceTree = "<group>"; };
		37511BDC269A0B970076E7EB /* I am RichTests.xctest */ = {isa = PBXFileReference; explicitFileType = wrapper.cfbundle; includeInIndex = 0; path = "I am RichTests.xctest"; sourceTree = BUILT_PRODUCTS_DIR; };
		37511BE0269A0B970076E7EB /* I_am_RichTests.swift */ = {isa = PBXFileReference; lastKnownFileType = sourcecode.swift; path = I_am_RichTests.swift; sourceTree = "<group>"; };
		37511BE2269A0B970076E7EB /* Info.plist */ = {isa = PBXFileReference; lastKnownFileType = text.plist.xml; path = Info.plist; sourceTree = "<group>"; };
		37511BE7269A0B970076E7EB /* I am RichUITests.xctest */ = {isa = PBXFileReference; explicitFileType = wrapper.cfbundle; includeInIndex = 0; path = "I am RichUITests.xctest"; sourceTree = BUILT_PRODUCTS_DIR; };
		37511BEB269A0B970076E7EB /* I_am_RichUITests.swift */ = {isa = PBXFileReference; lastKnownFileType = sourcecode.swift; path = I_am_RichUITests.swift; sourceTree = "<group>"; };
		37511BED269A0B970076E7EB /* Info.plist */ = {isa = PBXFileReference; lastKnownFileType = text.plist.xml; path = Info.plist; sourceTree = "<group>"; };
/* End PBXFileReference section */

/* Begin PBXFrameworksBuildPhase section */
		37511BC3269A0B950076E7EB /* Frameworks */ = {
			isa = PBXFrameworksBuildPhase;
			buildActionMask = 2147483647;
			files = (
			);
			runOnlyForDeploymentPostprocessing = 0;
		};
		37511BD9269A0B970076E7EB /* Frameworks */ = {
			isa = PBXFrameworksBuildPhase;
			buildActionMask = 2147483647;
			files = (
			);
			runOnlyForDeploymentPostprocessing = 0;
		};
		37511BE4269A0B970076E7EB /* Frameworks */ = {
			isa = PBXFrameworksBuildPhase;
			buildActionMask = 2147483647;
			files = (
			);
			runOnlyForDeploymentPostprocessing = 0;
		};
/* End PBXFrameworksBuildPhase section */

/* Begin PBXGroup section */
		37511BBD269A0B950076E7EB = {
			isa = PBXGroup;
			children = (
				37511BC8269A0B950076E7EB /* I am Rich */,
				37511BDF269A0B970076E7EB /* I am RichTests */,
				37511BEA269A0B970076E7EB /* I am RichUITests */,
				37511BC7269A0B950076E7EB /* Products */,
			);
			sourceTree = "<group>";
		};
		37511BC7269A0B950076E7EB /* Products */ = {
			isa = PBXGroup;
			children = (
				37511BC6269A0B950076E7EB /* I am Rich.app */,
				37511BDC269A0B970076E7EB /* I am RichTests.xctest */,
				37511BE7269A0B970076E7EB /* I am RichUITests.xctest */,
			);
			name = Products;
			sourceTree = "<group>";
		};
		37511BC8269A0B950076E7EB /* I am Rich */ = {
			isa = PBXGroup;
			children = (
				37511BC9269A0B950076E7EB /* AppDelegate.swift */,
				37511BCB269A0B950076E7EB /* SceneDelegate.swift */,
				37511BCD269A0B950076E7EB /* ViewController.swift */,
				37511BCF269A0B950076E7EB /* Main.storyboard */,
				37511BD2269A0B970076E7EB /* Assets.xcassets */,
				37511BD4269A0B970076E7EB /* LaunchScreen.storyboard */,
				37511BD7269A0B970076E7EB /* Info.plist */,
			);
			path = "I am Rich";
			sourceTree = "<group>";
		};
		37511BDF269A0B970076E7EB /* I am RichTests */ = {
			isa = PBXGroup;
			children = (
				37511BE0269A0B970076E7EB /* I_am_RichTests.swift */,
				37511BE2269A0B970076E7EB /* Info.plist */,
			);
			path = "I am RichTests";
			sourceTree = "<group>";
		};
		37511BEA269A0B970076E7EB /* I am RichUITests */ = {
			isa = PBXGroup;
			children = (
				37511BEB269A0B970076E7EB /* I_am_RichUITests.swift */,
				37511BED269A0B970076E7EB /* Info.plist */,
			);
			path = "I am RichUITests";
			sourceTree = "<group>";
		};
/* End PBXGroup section */

/* Begin PBXNativeTarget section */
		37511BC5269A0B950076E7EB /* I am Rich */ = {
			isa = PBXNativeTarget;
			buildConfigurationList = 37511BF0269A0B970076E7EB /* Build configuration list for PBXNativeTarget "I am Rich" */;
			buildPhases = (
				37511BC2269A0B950076E7EB /* Sources */,
				37511BC3269A0B950076E7EB /* Frameworks */,
				37511BC4269A0B950076E7EB /* Resources */,
			);
			buildRules = (
			);
			dependencies = (
			);
			name = "I am Rich";
			productName = "I am Rich";
			productReference = 37511BC6269A0B950076E7EB /* I am Rich.app */;
			productType = "com.apple.product-type.application";
		};
		37511BDB269A0B970076E7EB /* I am RichTests */ = {
			isa = PBXNativeTarget;
			buildConfigurationList = 37511BF3269A0B970076E7EB /* Build configuration list for PBXNativeTarget "I am RichTests" */;
			buildPhases = (
				37511BD8269A0B970076E7EB /* Sources */,
				37511BD9269A0B970076E7EB /* Frameworks */,
				37511BDA269A0B970076E7EB /* Resources */,
			);
			buildRules = (
			);
			dependencies = (
				37511BDE269A0B970076E7EB /* PBXTargetDependency */,
			);
			name = "I am RichTests";
			productName = "I am RichTests";
			productReference = 37511BDC269A0B970076E7EB /* I am RichTests.xctest */;
			productType = "com.apple.product-type.bundle.unit-test";
		};
		37511BE6269A0B970076E7EB /* I am RichUITests */ = {
			isa = PBXNativeTarget;
			buildConfigurationList = 37511BF6269A0B970076E7EB /* Build configuration list for PBXNativeTarget "I am RichUITests" */;
			buildPhases = (
				37511BE3269A0B970076E7EB /* Sources */,
				37511BE4269A0B970076E7EB /* Frameworks */,
				37511BE5269A0B970076E7EB /* Resources */,
			);
			buildRules = (
			);
			dependencies = (
				37511BE9269A0B970076E7EB /* PBXTargetDependency */,
			);
			name = "I am RichUITests";
			productName = "I am RichUITests";
			productReference = 37511BE7269A0B970076E7EB /* I am RichUITests.xctest */;
			productType = "com.apple.product-type.bundle.ui-testing";
		};
/* End PBXNativeTarget section */

/* Begin PBXProject section */
		37511BBE269A0B950076E7EB /* Project object */ = {
			isa = PBXProject;
			attributes = {
				LastSwiftUpdateCheck = 1250;
				LastUpgradeCheck = 1250;
				TargetAttributes = {
					37511BC5269A0B950076E7EB = {
						CreatedOnToolsVersion = 12.5.1;
					};
					37511BDB269A0B970076E7EB = {
						CreatedOnToolsVersion = 12.5.1;
						TestTargetID = 37511BC5269A0B950076E7EB;
					};
					37511BE6269A0B970076E7EB = {
						CreatedOnToolsVersion = 12.5.1;
						TestTargetID = 37511BC5269A0B950076E7EB;
					};
				};
			};
			buildConfigurationList = 37511BC1269A0B950076E7EB /* Build configuration list for PBXProject "I am Rich" */;
			compatibilityVersion = "Xcode 9.3";
			developmentRegion = en;
			hasScannedForEncodings = 0;
			knownRegions = (
				en,
				Base,
			);
			mainGroup = 37511BBD269A0B950076E7EB;
			productRefGroup = 37511BC7269A0B950076E7EB /* Products */;
			projectDirPath = "";
			projectRoot = "";
			targets = (
				37511BC5269A0B950076E7EB /* I am Rich */,
				37511BDB269A0B970076E7EB /* I am RichTests */,
				37511BE6269A0B970076E7EB /* I am RichUITests */,
			);
		};
/* End PBXProject section */

/* Begin PBXResourcesBuildPhase section */
		37511BC4269A0B950076E7EB /* Resources */ = {
			isa = PBXResourcesBuildPhase;
			buildActionMask = 2147483647;
			files = (
				37511BD6269A0B970076E7EB /* LaunchScreen.storyboard in Resources */,
				37511BD3269A0B970076E7EB /* Assets.xcassets in Resources */,
				37511BD1269A0B950076E7EB /* Main.storyboard in Resources */,
			);
			runOnlyForDeploymentPostprocessing = 0;
		};
		37511BDA269A0B970076E7EB /* Resources */ = {
			isa = PBXResourcesBuildPhase;
			buildActionMask = 2147483647;
			files = (
			);
			runOnlyForDeploymentPostprocessing = 0;
		};
		37511BE5269A0B970076E7EB /* Resources */ = {
			isa = PBXResourcesBuildPhase;
			buildActionMask = 2147483647;
			files = (
			);
			runOnlyForDeploymentPostprocessing = 0;
		};
/* End PBXResourcesBuildPhase section */

/* Begin PBXSourcesBuildPhase section */
		37511BC2269A0B950076E7EB /* Sources */ = {
			isa = PBXSourcesBuildPhase;
			buildActionMask = 2147483647;
			files = (
				37511BCE269A0B950076E7EB /* ViewController.swift in Sources */,
				37511BCA269A0B950076E7EB /* AppDelegate.swift in Sources */,
				37511BCC269A0B950076E7EB /* SceneDelegate.swift in Sources */,
			);
			runOnlyForDeploymentPostprocessing = 0;
		};
		37511BD8269A0B970076E7EB /* Sources */ = {
			isa = PBXSourcesBuildPhase;
			buildActionMask = 2147483647;
			files = (
				37511BE1269A0B970076E7EB /* I_am_RichTests.swift in Sources */,
			);
			runOnlyForDeploymentPostprocessing = 0;
		};
		37511BE3269A0B970076E7EB /* Sources */ = {
			isa = PBXSourcesBuildPhase;
			buildActionMask = 2147483647;
			files = (
				37511BEC269A0B970076E7EB /* I_am_RichUITests.swift in Sources */,
			);
			runOnlyForDeploymentPostprocessing = 0;
		};
/* End PBXSourcesBuildPhase section */

/* Begin PBXTargetDependency section */
		37511BDE269A0B970076E7EB /* PBXTargetDependency */ = {
			isa = PBXTargetDependency;
			target = 37511BC5269A0B950076E7EB /* I am Rich */;
			targetProxy = 37511BDD269A0B970076E7EB /* PBXContainerItemProxy */;
		};
		37511BE9269A0B970076E7EB /* PBXTargetDependency */ = {
			isa = PBXTargetDependency;
			target = 37511BC5269A0B950076E7EB /* I am Rich */;
			targetProxy = 37511BE8269A0B970076E7EB /* PBXContainerItemProxy */;
		};
/* End PBXTargetDependency section */

/* Begin PBXVariantGroup section */
		37511BCF269A0B950076E7EB /* Main.storyboard */ = {
			isa = PBXVariantGroup;
			children = (
				37511BD0269A0B950076E7EB /* Base */,
			);
			name = Main.storyboard;
			sourceTree = "<group>";
		};
		37511BD4269A0B970076E7EB /* LaunchScreen.storyboard */ = {
			isa = PBXVariantGroup;
			children = (
				37511BD5269A0B970076E7EB /* Base */,
			);
			name = LaunchScreen.storyboard;
			sourceTree = "<group>";
		};
/* End PBXVariantGroup section */

/* Begin XCBuildConfiguration section */
		37511BEE269A0B970076E7EB /* Debug */ = {
			isa = XCBuildConfiguration;
			buildSettings = {
				ALWAYS_SEARCH_USER_PATHS = NO;
				CLANG_ANALYZER_NONNULL = YES;
				CLANG_ANALYZER_NUMBER_OBJECT_CONVERSION = YES_AGGRESSIVE;
				CLANG_CXX_LANGUAGE_STANDARD = "gnu++14";
				CLANG_CXX_LIBRARY = "libc++";
				CLANG_ENABLE_MODULES = YES;
				CLANG_ENABLE_OBJC_ARC = YES;
				CLANG_ENABLE_OBJC_WEAK = YES;
				CLANG_WARN_BLOCK_CAPTURE_AUTORELEASING = YES;
				CLANG_WARN_BOOL_CONVERSION = YES;
				CLANG_WARN_COMMA = YES;
				CLANG_WARN_CONSTANT_CONVERSION = YES;
				CLANG_WARN_DEPRECATED_OBJC_IMPLEMENTATIONS = YES;
				CLANG_WARN_DIRECT_OBJC_ISA_USAGE = YES_ERROR;
				CLANG_WARN_DOCUMENTATION_COMMENTS = YES;
				CLANG_WARN_EMPTY_BODY = YES;
				CLANG_WARN_ENUM_CONVERSION = YES;
				CLANG_WARN_INFINITE_RECURSION = YES;
				CLANG_WARN_INT_CONVERSION = YES;
				CLANG_WARN_NON_LITERAL_NULL_CONVERSION = YES;
				CLANG_WARN_OBJC_IMPLICIT_RETAIN_SELF = YES;
				CLANG_WARN_OBJC_LITERAL_CONVERSION = YES;
				CLANG_WARN_OBJC_ROOT_CLASS = YES_ERROR;
				CLANG_WARN_QUOTED_INCLUDE_IN_FRAMEWORK_HEADER = YES;
				CLANG_WARN_RANGE_LOOP_ANALYSIS = YES;
				CLANG_WARN_STRICT_PROTOTYPES = YES;
				CLANG_WARN_SUSPICIOUS_MOVE = YES;
				CLANG_WARN_UNGUARDED_AVAILABILITY = YES_AGGRESSIVE;
				CLANG_WARN_UNREACHABLE_CODE = YES;
				CLANG_WARN__DUPLICATE_METHOD_MATCH = YES;
				COPY_PHASE_STRIP = NO;
				DEBUG_INFORMATION_FORMAT = dwarf;
				ENABLE_STRICT_OBJC_MSGSEND = YES;
				ENABLE_TESTABILITY = YES;
				GCC_C_LANGUAGE_STANDARD = gnu11;
				GCC_DYNAMIC_NO_PIC = NO;
				GCC_NO_COMMON_BLOCKS = YES;
				GCC_OPTIMIZATION_LEVEL = 0;
				GCC_PREPROCESSOR_DEFINITIONS = (
					"DEBUG=1",
					"$(inherited)",
				);
				GCC_WARN_64_TO_32_BIT_CONVERSION = YES;
				GCC_WARN_ABOUT_RETURN_TYPE = YES_ERROR;
				GCC_WARN_UNDECLARED_SELECTOR = YES;
				GCC_WARN_UNINITIALIZED_AUTOS = YES_AGGRESSIVE;
				GCC_WARN_UNUSED_FUNCTION = YES;
				GCC_WARN_UNUSED_VARIABLE = YES;
				IPHONEOS_DEPLOYMENT_TARGET = 14.5;
				MTL_ENABLE_DEBUG_INFO = INCLUDE_SOURCE;
				MTL_FAST_MATH = YES;
				ONLY_ACTIVE_ARCH = YES;
				SDKROOT = iphoneos;
				SWIFT_ACTIVE_COMPILATION_CONDITIONS = DEBUG;
				SWIFT_OPTIMIZATION_LEVEL = "-Onone";
			};
			name = Debug;
		};
		37511BEF269A0B970076E7EB /* Release */ = {
			isa = XCBuildConfiguration;
			buildSettings = {
				ALWAYS_SEARCH_USER_PATHS = NO;
				CLANG_ANALYZER_NONNULL = YES;
				CLANG_ANALYZER_NUMBER_OBJECT_CONVERSION = YES_AGGRESSIVE;
				CLANG_CXX_LANGUAGE_STANDARD = "gnu++14";
				CLANG_CXX_LIBRARY = "libc++";
				CLANG_ENABLE_MODULES = YES;
				CLANG_ENABLE_OBJC_ARC = YES;
				CLANG_ENABLE_OBJC_WEAK = YES;
				CLANG_WARN_BLOCK_CAPTURE_AUTORELEASING = YES;
				CLANG_WARN_BOOL_CONVERSION = YES;
				CLANG_WARN_COMMA = YES;
				CLANG_WARN_CONSTANT_CONVERSION = YES;
				CLANG_WARN_DEPRECATED_OBJC_IMPLEMENTATIONS = YES;
				CLANG_WARN_DIRECT_OBJC_ISA_USAGE = YES_ERROR;
				CLANG_WARN_DOCUMENTATION_COMMENTS = YES;
				CLANG_WARN_EMPTY_BODY = YES;
				CLANG_WARN_ENUM_CONVERSION = YES;
				CLANG_WARN_INFINITE_RECURSION = YES;
				CLANG_WARN_INT_CONVERSION = YES;
				CLANG_WARN_NON_LITERAL_NULL_CONVERSION = YES;
				CLANG_WARN_OBJC_IMPLICIT_RETAIN_SELF = YES;
				CLANG_WARN_OBJC_LITERAL_CONVERSION = YES;
				CLANG_WARN_OBJC_ROOT_CLASS = YES_ERROR;
				CLANG_WARN_QUOTED_INCLUDE_IN_FRAMEWORK_HEADER = YES;
				CLANG_WARN_RANGE_LOOP_ANALYSIS = YES;
				CLANG_WARN_STRICT_PROTOTYPES = YES;
				CLANG_WARN_SUSPICIOUS_MOVE = YES;
				CLANG_WARN_UNGUARDED_AVAILABILITY = YES_AGGRESSIVE;
				CLANG_WARN_UNREACHABLE_CODE = YES;
				CLANG_WARN__DUPLICATE_METHOD_MATCH = YES;
				COPY_PHASE_STRIP = NO;
				DEBUG_INFORMATION_FORMAT = "dwarf-with-dsym";
				ENABLE_NS_ASSERTIONS = NO;
				ENABLE_STRICT_OBJC_MSGSEND = YES;
				GCC_C_LANGUAGE_STANDARD = gnu11;
				GCC_NO_COMMON_BLOCKS = YES;
				GCC_WARN_64_TO_32_BIT_CONVERSION = YES;
				GCC_WARN_ABOUT_RETURN_TYPE = YES_ERROR;
				GCC_WARN_UNDECLARED_SELECTOR = YES;
				GCC_WARN_UNINITIALIZED_AUTOS = YES_AGGRESSIVE;
				GCC_WARN_UNUSED_FUNCTION = YES;
				GCC_WARN_UNUSED_VARIABLE = YES;
				IPHONEOS_DEPLOYMENT_TARGET = 14.5;
				MTL_ENABLE_DEBUG_INFO = NO;
				MTL_FAST_MATH = YES;
				SDKROOT = iphoneos;
				SWIFT_COMPILATION_MODE = wholemodule;
				SWIFT_OPTIMIZATION_LEVEL = "-O";
				VALIDATE_PRODUCT = YES;
			};
			name = Release;
		};
		37511BF1269A0B970076E7EB /* Debug */ = {
			isa = XCBuildConfiguration;
			buildSettings = {
				ASSETCATALOG_COMPILER_APPICON_NAME = AppIcon;
				ASSETCATALOG_COMPILER_GLOBAL_ACCENT_COLOR_NAME = AccentColor;
				CODE_SIGN_STYLE = Automatic;
				INFOPLIST_FILE = "I am Rich/Info.plist";
				IPHONEOS_DEPLOYMENT_TARGET = 14.1;
				LD_RUNPATH_SEARCH_PATHS = (
					"$(inherited)",
					"@executable_path/Frameworks",
				);
				PRODUCT_BUNDLE_IDENTIFIER = "com.powelltechllc.I-am-Rich";
				PRODUCT_NAME = "$(TARGET_NAME)";
				SWIFT_VERSION = 5.0;
				TARGETED_DEVICE_FAMILY = 1;
			};
			name = Debug;
		};
		37511BF2269A0B970076E7EB /* Release */ = {
			isa = XCBuildConfiguration;
			buildSettings = {
				ASSETCATALOG_COMPILER_APPICON_NAME = AppIcon;
				ASSETCATALOG_COMPILER_GLOBAL_ACCENT_COLOR_NAME = AccentColor;
				CODE_SIGN_STYLE = Automatic;
				INFOPLIST_FILE = "I am Rich/Info.plist";
				IPHONEOS_DEPLOYMENT_TARGET = 14.1;
				LD_RUNPATH_SEARCH_PATHS = (
					"$(inherited)",
					"@executable_path/Frameworks",
				);
				PRODUCT_BUNDLE_IDENTIFIER = "com.powelltechllc.I-am-Rich";
				PRODUCT_NAME = "$(TARGET_NAME)";
				SWIFT_VERSION = 5.0;
				TARGETED_DEVICE_FAMILY = 1;
			};
			name = Release;
		};
		37511BF4269A0B970076E7EB /* Debug */ = {
			isa = XCBuildConfiguration;
			buildSettings = {
				ALWAYS_EMBED_SWIFT_STANDARD_LIBRARIES = YES;
				BUNDLE_LOADER = "$(TEST_HOST)";
				CODE_SIGN_STYLE = Automatic;
				INFOPLIST_FILE = "I am RichTests/Info.plist";
				IPHONEOS_DEPLOYMENT_TARGET = 14.5;
				LD_RUNPATH_SEARCH_PATHS = (
					"$(inherited)",
					"@executable_path/Frameworks",
					"@loader_path/Frameworks",
				);
				PRODUCT_BUNDLE_IDENTIFIER = "com.powelltechllc.I-am-RichTests";
				PRODUCT_NAME = "$(TARGET_NAME)";
				SWIFT_VERSION = 5.0;
				TARGETED_DEVICE_FAMILY = "1,2";
				TEST_HOST = "$(BUILT_PRODUCTS_DIR)/I am Rich.app/I am Rich";
			};
			name = Debug;
		};
		37511BF5269A0B970076E7EB /* Release */ = {
			isa = XCBuildConfiguration;
			buildSettings = {
				ALWAYS_EMBED_SWIFT_STANDARD_LIBRARIES = YES;
				BUNDLE_LOADER = "$(TEST_HOST)";
				CODE_SIGN_STYLE = Automatic;
				INFOPLIST_FILE = "I am RichTests/Info.plist";
				IPHONEOS_DEPLOYMENT_TARGET = 14.5;
				LD_RUNPATH_SEARCH_PATHS = (
					"$(inherited)",
					"@executable_path/Frameworks",
					"@loader_path/Frameworks",
				);
				PRODUCT_BUNDLE_IDENTIFIER = "com.powelltechllc.I-am-RichTests";
				PRODUCT_NAME = "$(TARGET_NAME)";
				SWIFT_VERSION = 5.0;
				TARGETED_DEVICE_FAMILY = "1,2";
				TEST_HOST = "$(BUILT_PRODUCTS_DIR)/I am Rich.app/I am Rich";
			};
			name = Release;
		};
		37511BF7269A0B970076E7EB /* Debug */ = {
			isa = XCBuildConfiguration;
			buildSettings = {
				ALWAYS_EMBED_SWIFT_STANDARD_LIBRARIES = YES;
				CODE_SIGN_STYLE = Automatic;
				INFOPLIST_FILE = "I am RichUITests/Info.plist";
				LD_RUNPATH_SEARCH_PATHS = (
					"$(inherited)",
					"@executable_path/Frameworks",
					"@loader_path/Frameworks",
				);
				PRODUCT_BUNDLE_IDENTIFIER = "com.powelltechllc.I-am-RichUITests";
				PRODUCT_NAME = "$(TARGET_NAME)";
				SWIFT_VERSION = 5.0;
				TARGETED_DEVICE_FAMILY = "1,2";
				TEST_TARGET_NAME = "I am Rich";
			};
			name = Debug;
		};
		37511BF8269A0B970076E7EB /* Release */ = {
			isa = XCBuildConfiguration;
			buildSettings = {
				ALWAYS_EMBED_SWIFT_STANDARD_LIBRARIES = YES;
				CODE_SIGN_STYLE = Automatic;
				INFOPLIST_FILE = "I am RichUITests/Info.plist";
				LD_RUNPATH_SEARCH_PATHS = (
					"$(inherited)",
					"@executable_path/Frameworks",
					"@loader_path/Frameworks",
				);
				PRODUCT_BUNDLE_IDENTIFIER = "com.powelltechllc.I-am-RichUITests";
				PRODUCT_NAME = "$(TARGET_NAME)";
				SWIFT_VERSION = 5.0;
				TARGETED_DEVICE_FAMILY = "1,2";
				TEST_TARGET_NAME = "I am Rich";
			};
			name = Release;
		};
/* End XCBuildConfiguration section */

/* Begin XCConfigurationList section */
		37511BC1269A0B950076E7EB /* Build configuration list for PBXProject "I am Rich" */ = {
			isa = XCConfigurationList;
			buildConfigurations = (
				37511BEE269A0B970076E7EB /* Debug */,
				37511BEF269A0B970076E7EB /* Release */,
			);
			defaultConfigurationIsVisible = 0;
			defaultConfigurationName = Release;
		};
		37511BF0269A0B970076E7EB /* Build configuration list for PBXNativeTarget "I am Rich" */ = {
			isa = XCConfigurationList;
			buildConfigurations = (
				37511BF1269A0B970076E7EB /* Debug */,
				37511BF2269A0B970076E7EB /* Release */,
			);
			defaultConfigurationIsVisible = 0;
			defaultConfigurationName = Release;
		};
		37511BF3269A0B970076E7EB /* Build configuration list for PBXNativeTarget "I am RichTests" */ = {
			isa = XCConfigurationList;
			buildConfigurations = (
				37511BF4269A0B970076E7EB /* Debug */,
				37511BF5269A0B970076E7EB /* Release */,
			);
			defaultConfigurationIsVisible = 0;
			defaultConfigurationName = Release;
		};
		37511BF6269A0B970076E7EB /* Build configuration list for PBXNativeTarget "I am RichUITests" */ = {
			isa = XCConfigurationList;
			buildConfigurations = (
				37511BF7269A0B970076E7EB /* Debug */,
				37511BF8269A0B970076E7EB /* Release */,
			);
			defaultConfigurationIsVisible = 0;
			defaultConfigurationName = Release;
		};
/* End XCConfigurationList section */
	};
	rootObject = 37511BBE269A0B950076E7EB /* Project object */;
}
